// !$*UTF8*$!
{
	archiveVersion = 1;
	classes = {
	};
	objectVersion = 50;
	objects = {

/* Begin PBXBuildFile section */
		F33CC04424309607009BB25A /* AppDelegate.swift in Sources */ = {isa = PBXBuildFile; fileRef = F33CC04324309607009BB25A /* AppDelegate.swift */; };
		F33CC04624309607009BB25A /* SceneDelegate.swift in Sources */ = {isa = PBXBuildFile; fileRef = F33CC04524309607009BB25A /* SceneDelegate.swift */; };
		F33CC04824309607009BB25A /* ViewController.swift in Sources */ = {isa = PBXBuildFile; fileRef = F33CC04724309607009BB25A /* ViewController.swift */; };
		F33CC04B24309607009BB25A /* Main.storyboard in Resources */ = {isa = PBXBuildFile; fileRef = F33CC04924309607009BB25A /* Main.storyboard */; };
		F33CC04E24309607009BB25A /* RemoMun_iOS.xcdatamodeld in Sources */ = {isa = PBXBuildFile; fileRef = F33CC04C24309607009BB25A /* RemoMun_iOS.xcdatamodeld */; };
		F33CC0502430960A009BB25A /* Assets.xcassets in Resources */ = {isa = PBXBuildFile; fileRef = F33CC04F2430960A009BB25A /* Assets.xcassets */; };
		F33CC0532430960A009BB25A /* LaunchScreen.storyboard in Resources */ = {isa = PBXBuildFile; fileRef = F33CC0512430960A009BB25A /* LaunchScreen.storyboard */; };
/* End PBXBuildFile section */

/* Begin PBXFileReference section */
		F33CC04024309607009BB25A /* RemoMun-iOS.app */ = {isa = PBXFileReference; explicitFileType = wrapper.application; includeInIndex = 0; path = "RemoMun-iOS.app"; sourceTree = BUILT_PRODUCTS_DIR; };
		F33CC04324309607009BB25A /* AppDelegate.swift */ = {isa = PBXFileReference; lastKnownFileType = sourcecode.swift; path = AppDelegate.swift; sourceTree = "<group>"; };
		F33CC04524309607009BB25A /* SceneDelegate.swift */ = {isa = PBXFileReference; lastKnownFileType = sourcecode.swift; path = SceneDelegate.swift; sourceTree = "<group>"; };
		F33CC04724309607009BB25A /* ViewController.swift */ = {isa = PBXFileReference; lastKnownFileType = sourcecode.swift; path = ViewController.swift; sourceTree = "<group>"; };
		F33CC04A24309607009BB25A /* Base */ = {isa = PBXFileReference; lastKnownFileType = file.storyboard; name = Base; path = Base.lproj/Main.storyboard; sourceTree = "<group>"; };
		F33CC04D24309607009BB25A /* RemoMun_iOS.xcdatamodel */ = {isa = PBXFileReference; lastKnownFileType = wrapper.xcdatamodel; path = RemoMun_iOS.xcdatamodel; sourceTree = "<group>"; };
		F33CC04F2430960A009BB25A /* Assets.xcassets */ = {isa = PBXFileReference; lastKnownFileType = folder.assetcatalog; path = Assets.xcassets; sourceTree = "<group>"; };
		F33CC0522430960A009BB25A /* Base */ = {isa = PBXFileReference; lastKnownFileType = file.storyboard; name = Base; path = Base.lproj/LaunchScreen.storyboard; sourceTree = "<group>"; };
		F33CC0542430960A009BB25A /* Info.plist */ = {isa = PBXFileReference; lastKnownFileType = text.plist.xml; path = Info.plist; sourceTree = "<group>"; };
/* End PBXFileReference section */

/* Begin PBXFrameworksBuildPhase section */
		F33CC03D24309607009BB25A /* Frameworks */ = {
			isa = PBXFrameworksBuildPhase;
			buildActionMask = 2147483647;
			files = (
			);
			runOnlyForDeploymentPostprocessing = 0;
		};
/* End PBXFrameworksBuildPhase section */

/* Begin PBXGroup section */
		F33CC03724309607009BB25A = {
			isa = PBXGroup;
			children = (
				F33CC04224309607009BB25A /* RemoMun-iOS */,
				F33CC04124309607009BB25A /* Products */,
			);
			sourceTree = "<group>";
		};
		F33CC04124309607009BB25A /* Products */ = {
			isa = PBXGroup;
			children = (
				F33CC04024309607009BB25A /* RemoMun-iOS.app */,
			);
			name = Products;
			sourceTree = "<group>";
		};
		F33CC04224309607009BB25A /* RemoMun-iOS */ = {
			isa = PBXGroup;
			children = (
				F33CC04324309607009BB25A /* AppDelegate.swift */,
				F33CC04524309607009BB25A /* SceneDelegate.swift */,
				F33CC04724309607009BB25A /* ViewController.swift */,
				F33CC04924309607009BB25A /* Main.storyboard */,
				F33CC04F2430960A009BB25A /* Assets.xcassets */,
				F33CC0512430960A009BB25A /* LaunchScreen.storyboard */,
				F33CC0542430960A009BB25A /* Info.plist */,
				F33CC04C24309607009BB25A /* RemoMun_iOS.xcdatamodeld */,
			);
			path = "RemoMun-iOS";
			sourceTree = "<group>";
		};
/* End PBXGroup section */

/* Begin PBXNativeTarget section */
		F33CC03F24309607009BB25A /* RemoMun-iOS */ = {
			isa = PBXNativeTarget;
			buildConfigurationList = F33CC0572430960A009BB25A /* Build configuration list for PBXNativeTarget "RemoMun-iOS" */;
			buildPhases = (
				F33CC03C24309607009BB25A /* Sources */,
				F33CC03D24309607009BB25A /* Frameworks */,
				F33CC03E24309607009BB25A /* Resources */,
			);
			buildRules = (
			);
			dependencies = (
			);
			name = "RemoMun-iOS";
			productName = "RemoMun-iOS";
			productReference = F33CC04024309607009BB25A /* RemoMun-iOS.app */;
			productType = "com.apple.product-type.application";
		};
/* End PBXNativeTarget section */

/* Begin PBXProject section */
		F33CC03824309607009BB25A /* Project object */ = {
			isa = PBXProject;
			attributes = {
				LastSwiftUpdateCheck = 1130;
				LastUpgradeCheck = 1130;
				ORGANIZATIONNAME = "新納真次郎";
				TargetAttributes = {
					F33CC03F24309607009BB25A = {
						CreatedOnToolsVersion = 11.3;
					};
				};
			};
			buildConfigurationList = F33CC03B24309607009BB25A /* Build configuration list for PBXProject "RemoMun-iOS" */;
			compatibilityVersion = "Xcode 9.3";
			developmentRegion = en;
			hasScannedForEncodings = 0;
			knownRegions = (
				en,
				Base,
			);
			mainGroup = F33CC03724309607009BB25A;
			productRefGroup = F33CC04124309607009BB25A /* Products */;
			projectDirPath = "";
			projectRoot = "";
			targets = (
				F33CC03F24309607009BB25A /* RemoMun-iOS */,
			);
		};
/* End PBXProject section */

/* Begin PBXResourcesBuildPhase section */
		F33CC03E24309607009BB25A /* Resources */ = {
			isa = PBXResourcesBuildPhase;
			buildActionMask = 2147483647;
			files = (
				F33CC0532430960A009BB25A /* LaunchScreen.storyboard in Resources */,
				F33CC0502430960A009BB25A /* Assets.xcassets in Resources */,
				F33CC04B24309607009BB25A /* Main.storyboard in Resources */,
			);
			runOnlyForDeploymentPostprocessing = 0;
		};
/* End PBXResourcesBuildPhase section */

/* Begin PBXSourcesBuildPhase section */
		F33CC03C24309607009BB25A /* Sources */ = {
			isa = PBXSourcesBuildPhase;
			buildActionMask = 2147483647;
			files = (
				F33CC04824309607009BB25A /* ViewController.swift in Sources */,
				F33CC04E24309607009BB25A /* RemoMun_iOS.xcdatamodeld in Sources */,
				F33CC04424309607009BB25A /* AppDelegate.swift in Sources */,
				F33CC04624309607009BB25A /* SceneDelegate.swift in Sources */,
			);
			runOnlyForDeploymentPostprocessing = 0;
		};
/* End PBXSourcesBuildPhase section */

/* Begin PBXVariantGroup section */
		F33CC04924309607009BB25A /* Main.storyboard */ = {
			isa = PBXVariantGroup;
			children = (
				F33CC04A24309607009BB25A /* Base */,
			);
			name = Main.storyboard;
			sourceTree = "<group>";
		};
		F33CC0512430960A009BB25A /* LaunchScreen.storyboard */ = {
			isa = PBXVariantGroup;
			children = (
				F33CC0522430960A009BB25A /* Base */,
			);
			name = LaunchScreen.storyboard;
			sourceTree = "<group>";
		};
/* End PBXVariantGroup section */

/* Begin XCBuildConfiguration section */
		F33CC0552430960A009BB25A /* Debug */ = {
			isa = XCBuildConfiguration;
			buildSettings = {
				ALWAYS_SEARCH_USER_PATHS = NO;
				CLANG_ANALYZER_NONNULL = YES;
				CLANG_ANALYZER_NUMBER_OBJECT_CONVERSION = YES_AGGRESSIVE;
				CLANG_CXX_LANGUAGE_STANDARD = "gnu++14";
				CLANG_CXX_LIBRARY = "libc++";
				CLANG_ENABLE_MODULES = YES;
				CLANG_ENABLE_OBJC_ARC = YES;
				CLANG_ENABLE_OBJC_WEAK = YES;
				CLANG_WARN_BLOCK_CAPTURE_AUTORELEASING = YES;
				CLANG_WARN_BOOL_CONVERSION = YES;
				CLANG_WARN_COMMA = YES;
				CLANG_WARN_CONSTANT_CONVERSION = YES;
				CLANG_WARN_DEPRECATED_OBJC_IMPLEMENTATIONS = YES;
				CLANG_WARN_DIRECT_OBJC_ISA_USAGE = YES_ERROR;
				CLANG_WARN_DOCUMENTATION_COMMENTS = YES;
				CLANG_WARN_EMPTY_BODY = YES;
				CLANG_WARN_ENUM_CONVERSION = YES;
				CLANG_WARN_INFINITE_RECURSION = YES;
				CLANG_WARN_INT_CONVERSION = YES;
				CLANG_WARN_NON_LITERAL_NULL_CONVERSION = YES;
				CLANG_WARN_OBJC_IMPLICIT_RETAIN_SELF = YES;
				CLANG_WARN_OBJC_LITERAL_CONVERSION = YES;
				CLANG_WARN_OBJC_ROOT_CLASS = YES_ERROR;
				CLANG_WARN_RANGE_LOOP_ANALYSIS = YES;
				CLANG_WARN_STRICT_PROTOTYPES = YES;
				CLANG_WARN_SUSPICIOUS_MOVE = YES;
				CLANG_WARN_UNGUARDED_AVAILABILITY = YES_AGGRESSIVE;
				CLANG_WARN_UNREACHABLE_CODE = YES;
				CLANG_WARN__DUPLICATE_METHOD_MATCH = YES;
				COPY_PHASE_STRIP = NO;
				DEBUG_INFORMATION_FORMAT = dwarf;
				ENABLE_STRICT_OBJC_MSGSEND = YES;
				ENABLE_TESTABILITY = YES;
				GCC_C_LANGUAGE_STANDARD = gnu11;
				GCC_DYNAMIC_NO_PIC = NO;
				GCC_NO_COMMON_BLOCKS = YES;
				GCC_OPTIMIZATION_LEVEL = 0;
				GCC_PREPROCESSOR_DEFINITIONS = (
					"DEBUG=1",
					"$(inherited)",
				);
				GCC_WARN_64_TO_32_BIT_CONVERSION = YES;
				GCC_WARN_ABOUT_RETURN_TYPE = YES_ERROR;
				GCC_WARN_UNDECLARED_SELECTOR = YES;
				GCC_WARN_UNINITIALIZED_AUTOS = YES_AGGRESSIVE;
				GCC_WARN_UNUSED_FUNCTION = YES;
				GCC_WARN_UNUSED_VARIABLE = YES;
				IPHONEOS_DEPLOYMENT_TARGET = 13.2;
				MTL_ENABLE_DEBUG_INFO = INCLUDE_SOURCE;
				MTL_FAST_MATH = YES;
				ONLY_ACTIVE_ARCH = YES;
				SDKROOT = iphoneos;
				SWIFT_ACTIVE_COMPILATION_CONDITIONS = DEBUG;
				SWIFT_OPTIMIZATION_LEVEL = "-Onone";
			};
			name = Debug;
		};
		F33CC0562430960A009BB25A /* Release */ = {
			isa = XCBuildConfiguration;
			buildSettings = {
				ALWAYS_SEARCH_USER_PATHS = NO;
				CLANG_ANALYZER_NONNULL = YES;
				CLANG_ANALYZER_NUMBER_OBJECT_CONVERSION = YES_AGGRESSIVE;
				CLANG_CXX_LANGUAGE_STANDARD = "gnu++14";
				CLANG_CXX_LIBRARY = "libc++";
				CLANG_ENABLE_MODULES = YES;
				CLANG_ENABLE_OBJC_ARC = YES;
				CLANG_ENABLE_OBJC_WEAK = YES;
				CLANG_WARN_BLOCK_CAPTURE_AUTORELEASING = YES;
				CLANG_WARN_BOOL_CONVERSION = YES;
				CLANG_WARN_COMMA = YES;
				CLANG_WARN_CONSTANT_CONVERSION = YES;
				CLANG_WARN_DEPRECATED_OBJC_IMPLEMENTATIONS = YES;
				CLANG_WARN_DIRECT_OBJC_ISA_USAGE = YES_ERROR;
				CLANG_WARN_DOCUMENTATION_COMMENTS = YES;
				CLANG_WARN_EMPTY_BODY = YES;
				CLANG_WARN_ENUM_CONVERSION = YES;
				CLANG_WARN_INFINITE_RECURSION = YES;
				CLANG_WARN_INT_CONVERSION = YES;
				CLANG_WARN_NON_LITERAL_NULL_CONVERSION = YES;
				CLANG_WARN_OBJC_IMPLICIT_RETAIN_SELF = YES;
				CLANG_WARN_OBJC_LITERAL_CONVERSION = YES;
				CLANG_WARN_OBJC_ROOT_CLASS = YES_ERROR;
				CLANG_WARN_RANGE_LOOP_ANALYSIS = YES;
				CLANG_WARN_STRICT_PROTOTYPES = YES;
				CLANG_WARN_SUSPICIOUS_MOVE = YES;
				CLANG_WARN_UNGUARDED_AVAILABILITY = YES_AGGRESSIVE;
				CLANG_WARN_UNREACHABLE_CODE = YES;
				CLANG_WARN__DUPLICATE_METHOD_MATCH = YES;
				COPY_PHASE_STRIP = NO;
				DEBUG_INFORMATION_FORMAT = "dwarf-with-dsym";
				ENABLE_NS_ASSERTIONS = NO;
				ENABLE_STRICT_OBJC_MSGSEND = YES;
				GCC_C_LANGUAGE_STANDARD = gnu11;
				GCC_NO_COMMON_BLOCKS = YES;
				GCC_WARN_64_TO_32_BIT_CONVERSION = YES;
				GCC_WARN_ABOUT_RETURN_TYPE = YES_ERROR;
				GCC_WARN_UNDECLARED_SELECTOR = YES;
				GCC_WARN_UNINITIALIZED_AUTOS = YES_AGGRESSIVE;
				GCC_WARN_UNUSED_FUNCTION = YES;
				GCC_WARN_UNUSED_VARIABLE = YES;
				IPHONEOS_DEPLOYMENT_TARGET = 13.2;
				MTL_ENABLE_DEBUG_INFO = NO;
				MTL_FAST_MATH = YES;
				SDKROOT = iphoneos;
				SWIFT_COMPILATION_MODE = wholemodule;
				SWIFT_OPTIMIZATION_LEVEL = "-O";
				VALIDATE_PRODUCT = YES;
			};
			name = Release;
		};
		F33CC0582430960A009BB25A /* Debug */ = {
			isa = XCBuildConfiguration;
			buildSettings = {
				ASSETCATALOG_COMPILER_APPICON_NAME = AppIcon;
				CODE_SIGN_STYLE = Automatic;
				DEVELOPMENT_TEAM = T8YPT438X6;
				INFOPLIST_FILE = "RemoMun-iOS/Info.plist";
				LD_RUNPATH_SEARCH_PATHS = (
					"$(inherited)",
					"@executable_path/Frameworks",
				);
				PRODUCT_BUNDLE_IDENTIFIER = "Nakamura-labProject.RemoMun-iOS";
				PRODUCT_NAME = "$(TARGET_NAME)";
				SWIFT_VERSION = 5.0;
				TARGETED_DEVICE_FAMILY = "1,2";
			};
			name = Debug;
		};
		F33CC0592430960A009BB25A /* Release */ = {
			isa = XCBuildConfiguration;
			buildSettings = {
				ASSETCATALOG_COMPILER_APPICON_NAME = AppIcon;
				CODE_SIGN_STYLE = Automatic;
				DEVELOPMENT_TEAM = T8YPT438X6;
				INFOPLIST_FILE = "RemoMun-iOS/Info.plist";
				LD_RUNPATH_SEARCH_PATHS = (
					"$(inherited)",
					"@executable_path/Frameworks",
				);
				PRODUCT_BUNDLE_IDENTIFIER = "Nakamura-labProject.RemoMun-iOS";
				PRODUCT_NAME = "$(TARGET_NAME)";
				SWIFT_VERSION = 5.0;
				TARGETED_DEVICE_FAMILY = "1,2";
			};
			name = Release;
		};
/* End XCBuildConfiguration section */

/* Begin XCConfigurationList section */
		F33CC03B24309607009BB25A /* Build configuration list for PBXProject "RemoMun-iOS" */ = {
			isa = XCConfigurationList;
			buildConfigurations = (
				F33CC0552430960A009BB25A /* Debug */,
				F33CC0562430960A009BB25A /* Release */,
			);
			defaultConfigurationIsVisible = 0;
			defaultConfigurationName = Release;
		};
		F33CC0572430960A009BB25A /* Build configuration list for PBXNativeTarget "RemoMun-iOS" */ = {
			isa = XCConfigurationList;
			buildConfigurations = (
				F33CC0582430960A009BB25A /* Debug */,
				F33CC0592430960A009BB25A /* Release */,
			);
			defaultConfigurationIsVisible = 0;
			defaultConfigurationName = Release;
		};
/* End XCConfigurationList section */

/* Begin XCVersionGroup section */
		F33CC04C24309607009BB25A /* RemoMun_iOS.xcdatamodeld */ = {
			isa = XCVersionGroup;
			children = (
				F33CC04D24309607009BB25A /* RemoMun_iOS.xcdatamodel */,
			);
			currentVersion = F33CC04D24309607009BB25A /* RemoMun_iOS.xcdatamodel */;
			path = RemoMun_iOS.xcdatamodeld;
			sourceTree = "<group>";
			versionGroupType = wrapper.xcdatamodel;
		};
/* End XCVersionGroup section */
	};
	rootObject = F33CC03824309607009BB25A /* Project object */;
}
